lockfileVersion: '9.0'

settings:
  autoInstallPeers: true
  excludeLinksFromLockfile: false

importers:
  .:
    dependencies:
      '@hookform/resolvers':
        specifier: ^5.2.2
        version: 5.7.1(react-hook-form@7.85.0(react@19.2.8))(zod@3.25.76)
      '@radix-ui/react-accordion':
        specifier: ^1.2.12
        version: 1.2.20(@types/react-dom@19.2.4(@types/react@19.2.18))(@types/react@19.2.18)(react-dom@19.2.8(react@19.2.8))(react@19.2.8)
      '@radix-ui/react-alert-dialog':
        specifier: ^1.1.15
        version: 1.1.23(@types/react-dom@19.2.4(@types/react@19.2.18))(@types/react@19.2.18)(react-dom@19.2.8(react@19.2.8))(react@19.2.8)
      '@radix-ui/react-aspect-ratio':
        specifier: ^1.1.8
        version: 1.1.15(@types/react-dom@19.2.4(@types/react@19.2.18))(@types/react@19.2.18)(react-dom@19.2.8(react@19.2.8))(react@19.2.8)
      '@radix-ui/react-avatar':
        specifier: ^1.1.11
        version: 1.2.6(@types/react-dom@19.2.4(@types/react@19.2.18))(@types/react@19.2.18)(react-dom@19.2.8(react@19.2.8))(react@19.2.8)
      '@radix-ui/react-checkbox':
        specifier: ^1.3.3
        version: 1.3.11(@types/react-dom@19.2.4(@types/react@19.2.18))(@types/react@19.2.18)(react-dom@19.2.8(react@19.2.8))(react@19.2.8)
      '@radix-ui/react-collapsible':
        specifier: ^1.1.12
        version: 1.1.20(@types/react-dom@19.2.4(@types/react@19.2.18))(@types/react@19.2.18)(react-dom@19.2.8(react@19.2.8))(react@19.2.8)
      '@radix-ui/react-context-menu':
        specifier: ^2.2.16
        version: 2.3.7(@types/react-dom@19.2.4(@types/react@19.2.18))(@types/react@19.2.18)(react-dom@19.2.8(react@19.2.8))(react@19.2.8)
      '@radix-ui/react-dialog':
        specifier: ^1.1.15
        version: 1.1.23(@types/react-dom@19.2.4(@types/react@19.2.18))(@types/react@19.2.18)(react-dom@19.2.8(react@19.2.8))(react@19.2.8)
      '@radix-ui/react-dropdown-menu':
        specifier: ^2.1.16
        version: 2.1.24(@types/react-dom@19.2.4(@types/react@19.2.18))(@types/react@19.2.18)(react-dom@19.2.8(react@19.2.8))(react@19.2.8)
      '@radix-ui/react-hover-card':
        specifier: ^1.1.15
        version: 1.1.23(@types/react-dom@19.2.4(@types/react@19.2.18))(@types/react@19.2.18)(react-dom@19.2.8(react@19.2.8))(react@19.2.8)
      '@radix-ui/react-label':
        specifier: ^2.1.8
        version: 2.1.15(@types/react-dom@19.2.4(@types/react@19.2.18))(@types/react@19.2.18)(react-dom@19.2.8(react@19.2.8))(react@19.2.8)
      '@radix-ui/react-menubar':
        specifier: ^1.1.16
        version: 1.1.24(@types/react-dom@19.2.4(@types/react@19.2.18))(@types/react@19.2.18)(react-dom@19.2.8(react@19.2.8))(react@19.2.8)
      '@radix-ui/react-navigation-menu':
        specifier: ^1.2.14
        version: 1.2.22(@types/react-dom@19.2.4(@types/react@19.2.18))(@types/react@19.2.18)(react-dom@19.2.8(react@19.2.8))(react@19.2.8)
      '@radix-ui/react-popover':
        specifier: ^1.1.15
        version: 1.1.23(@types/react-dom@19.2.4(@types/react@19.2.18))(@types/react@19.2.18)(react-dom@19.2.8(react@19.2.8))(react@19.2.8)
      '@radix-ui/react-progress':
        specifier: ^1.1.8
        version: 1.1.16(@types/react-dom@19.2.4(@types/react@19.2.18))(@types/react@19.2.18)(react-dom@19.2.8(react@19.2.8))(react@19.2.8)
      '@radix-ui/react-radio-group':
        specifier: ^1.3.8
        version: 1.4.7(@types/react-dom@19.2.4(@types/react@19.2.18))(@types/react@19.2.18)(react-dom@19.2.8(react@19.2.8))(react@19.2.8)
      '@radix-ui/react-scroll-area':
        specifier: ^1.2.10
        version: 1.2.18(@types/react-dom@19.2.4(@types/react@19.2.18))(@types/react@19.2.18)(react-dom@19.2.8(react@19.2.8))(react@19.2.8)
      '@radix-ui/react-select':
        specifier: ^2.2.6
        version: 2.3.7(@types/react-dom@19.2.4(@types/react@19.2.18))(@types/react@19.2.18)(react-dom@19.2.8(react@19.2.8))(react@19.2.8)
      '@radix-ui/react-separator':
        specifier: ^1.1.8
        version: 1.1.15(@types/react-dom@19.2.4(@types/react@19.2.18))(@types/react@19.2.18)(react-dom@19.2.8(react@19.2.8))(react@19.2.8)
      '@radix-ui/react-slider':
        specifier: ^1.3.6
        version: 1.4.7(@types/react-dom@19.2.4(@types/react@19.2.18))(@types/react@19.2.18)(react-dom@19.2.8(react@19.2.8))(react@19.2.8)
      '@radix-ui/react-slot':
        specifier: ^1.2.4
        version: 1.3.3(@types/react@19.2.18)(react@19.2.8)
      '@radix-ui/react-switch':
        specifier: ^1.2.6
        version: 1.3.7(@types/react-dom@19.2.4(@types/react@19.2.18))(@types/react@19.2.18)(react-dom@19.2.8(react@19.2.8))(react@19.2.8)
      '@radix-ui/react-tabs':
        specifier: ^1.1.13
        version: 1.1.21(@types/react-dom@19.2.4(@types/react@19.2.18))(@types/react@19.2.18)(react-dom@19.2.8(react@19.2.8))(react@19.2.8)
      '@radix-ui/react-toggle':
        specifier: ^1.1.10
        version: 1.1.18(@types/react-dom@19.2.4(@types/react@19.2.18))(@types/react@19.2.18)(react-dom@19.2.8(react@19.2.8))(react@19.2.8)
      '@radix-ui/react-toggle-group':
        specifier: ^1.1.11
        version: 1.1.19(@types/react-dom@19.2.4(@types/react@19.2.18))(@types/react@19.2.18)(react-dom@19.2.8(react@19.2.8))(react@19.2.8)
      '@radix-ui/react-tooltip':
        specifier: ^1.2.8
        version: 1.2.16(@types/react-dom@19.2.4(@types/react@19.2.18))(@types/react@19.2.18)(react-dom@19.2.8(react@19.2.8))(react@19.2.8)
      '@supabase/supabase-js':
        specifier: ^2.112.2
        version: 2.112.2
      '@tailwindcss/vite':
        specifier: ^4.2.1
        version: 4.3.3(vite@8.2.1(@types/node@22.20.1)(jiti@2.7.0))
      '@tanstack/react-query':
        specifier: ^5.101.1
        version: 5.101.4(react@19.2.8)
      '@types/leaflet':
        specifier: ^1.9.22
        version: 1.9.22
      class-variance-authority:
        specifier: ^0.7.1
        version: 0.7.1
      clsx:
        specifier: ^2.1.1
        version: 2.1.1
      cmdk:
        specifier: ^1.1.1
        version: 1.1.1(@types/react-dom@19.2.4(@types/react@19.2.18))(@types/react@19.2.18)(react-dom@19.2.8(react@19.2.8))(react@19.2.8)
      date-fns:
        specifier: ^4.1.0
        version: 4.4.0
      embla-carousel-react:
        specifier: ^8.6.0
        version: 8.6.0(react@19.2.8)
      express:
        specifier: ^4.18.2
        version: 4.18.2
      input-otp:
        specifier: ^1.4.2
        version: 1.4.2(react-dom@19.2.8(react@19.2.8))(react@19.2.8)
      leaflet:
        specifier: ^1.9.4
        version: 1.9.4
      lucide-react:
        specifier: ^0.575.0
        version: 0.575.0(react@19.2.8)
      react:
        specifier: ^19.2.0
        version: 19.2.8
      react-day-picker:
        specifier: ^9.14.0
        version: 9.14.0(react@19.2.8)
      react-dom:
        specifier: ^19.2.0
        version: 19.2.8(react@19.2.8)
      react-hook-form:
        specifier: ^7.71.2
        version: 7.85.0(react@19.2.8)
      react-leaflet:
        specifier: ^5.0.0
        version: 5.0.0(leaflet@1.9.4)(react-dom@19.2.8(react@19.2.8))(react@19.2.8)
      react-resizable-panels:
        specifier: ^4.6.5
        version: 4.12.2(react-dom@19.2.8(react@19.2.8))(react@19.2.8)
      react-router-dom:
        specifier: ^7.0.0
        version: 7.0.0(react-dom@19.2.8(react@19.2.8))(react@19.2.8)
      recharts:
        specifier: ^2.15.4
        version: 2.15.4(react-dom@19.2.8(react@19.2.8))(react@19.2.8)
      sonner:
        specifier: ^2.0.7
        version: 2.0.8(@types/react@19.2.18)(react-dom@19.2.8(react@19.2.8))(react@19.2.8)
      tailwind-merge:
        specifier: ^3.5.0
        version: 3.6.0
      tailwindcss:
        specifier: ^4.2.1
        version: 4.3.3
      tw-animate-css:
        specifier: ^1.3.4
        version: 1.4.0
      vaul:
        specifier: ^1.1.2
        version: 1.1.2(@types/react-dom@19.2.4(@types/react@19.2.18))(@types/react@19.2.18)(react-dom@19.2.8(react@19.2.8))(react@19.2.8)
      vite-tsconfig-paths:
        specifier: ^6.0.2
        version: 6.1.1(supports-color@7.2.0)(typescript@5.9.3)(vite@8.2.1(@types/node@22.20.1)(jiti@2.7.0))
      xlsx:
        specifier: ^0.18.5
        version: 0.18.5
      zod:
        specifier: ^3.24.2
        version: 3.25.76
    devDependencies:
      '@eslint/js':
        specifier: ^9.32.0
        version: 9.39.5
      '@types/node':
        specifier: ^22.16.5
        version: 22.20.1
      '@types/react':
        specifier: ^19.2.0
        version: 19.2.18
      '@types/react-dom':
        specifier: ^19.2.0
        version: 19.2.4(@types/react@19.2.18)
      '@vitejs/plugin-react':
        specifier: ^5.2.0
        version: 5.2.0(supports-color@7.2.0)(vite@8.2.1(@types/node@22.20.1)(jiti@2.7.0))
      eslint:
        specifier: ^9.32.0
        version: 9.39.5(jiti@2.7.0)(supports-color@7.2.0)
      eslint-config-prettier:
        specifier: ^10.1.1
        version: 10.1.8(eslint@9.39.5(jiti@2.7.0)(supports-color@7.2.0))
      eslint-plugin-prettier:
        specifier: ^5.2.6
        version: 5.5.6(eslint-config-prettier@10.1.8(eslint@9.39.5(jiti@2.7.0)(supports-color@7.2.0)))(eslint@9.39.5(jiti@2.7.0)(supports-color@7.2.0))(prettier@3.9.6)
      eslint-plugin-react-hooks:
        specifier: ^5.2.0
        version: 5.2.0(eslint@9.39.5(jiti@2.7.0)(supports-color@7.2.0))
      eslint-plugin-react-refresh:
        specifier: ^0.4.20
        version: 0.4.26(eslint@9.39.5(jiti@2.7.0)(supports-color@7.2.0))
      globals:
        specifier: ^15.15.0
        version: 15.15.0
      prettier:
        specifier: ^3.7.3
        version: 3.9.6
      typescript:
        specifier: ^5.8.3
        version: 5.9.3
      typescript-eslint:
        specifier: ^8.56.1
        version: 8.66.0(eslint@9.39.5(jiti@2.7.0)(supports-color@7.2.0))(supports-color@7.2.0)(typescript@5.9.3)
      vite:
        specifier: ^8.2.0
        version: 8.2.1(@types/node@22.20.1)(jiti@2.7.0)

packages:
  react-router-dom@7.0.0:
    resolution: {integrity: sha512-zAbY00uOqN6FLO2oNkAp0m/vWLsXEcRR8tFZc8J7CvvVZcPRkCVT3PwRuJ7Gx3b6gW0pEQxJ7f9fF6+DI47Nw==}
    peerDependencies:
      react: ^18.3.0 || ^19.0.0-rc || ^19.0.0 || ^19.1.0-rc
      react-dom: ^18.3.0 || ^19.0.0-rc || ^19.0.0 || ^19.1.0-rc
